PODS:
  - Flutter (1.0.0)
  - flutter_barcode_scanner (1.0.2):
    - Flutter
  - flutter_local_notifications (0.0.1):
    - Flutter
  - FMDB (2.7.5):
    - FMDB/standard (= 2.7.5)
  - FMDB/standard (2.7.5)
  - notification_permissions (0.4.4):
    - Flutter
  - open_file (0.0.1):
    - Flutter
  - path_provider (0.0.1):
    - Flutter
  - "permission_handler (5.1.0+2)":
    - Flutter
  - share (0.0.1):
    - Flutter
  - sqflite (0.0.2):
    - Flutter
    - FMDB (>= 2.7.5)
  - store_redirect (0.0.1):
    - Flutter

DEPENDENCIES:
  - Flutter (from `Flutter`)
  - flutter_barcode_scanner (from `.symlinks/plugins/flutter_barcode_scanner/ios`)
  - flutter_local_notifications (from `.symlinks/plugins/flutter_local_notifications/ios`)
  - notification_permissions (from `.symlinks/plugins/notification_permissions/ios`)
  - open_file (from `.symlinks/plugins/open_file/ios`)
  - path_provider (from `.symlinks/plugins/path_provider/ios`)
  - permission_handler (from `.symlinks/plugins/permission_handler/ios`)
  - share (from `.symlinks/plugins/share/ios`)
  - sqflite (from `.symlinks/plugins/sqflite/ios`)
  - store_redirect (from `.symlinks/plugins/store_redirect/ios`)

SPEC REPOS:
  trunk:
    - FMDB

EXTERNAL SOURCES:
  Flutter:
    :path: Flutter
  flutter_barcode_scanner:
    :path: ".symlinks/plugins/flutter_barcode_scanner/ios"
  flutter_local_notifications:
    :path: ".symlinks/plugins/flutter_local_notifications/ios"
  notification_permissions:
    :path: ".symlinks/plugins/notification_permissions/ios"
  open_file:
    :path: ".symlinks/plugins/open_file/ios"
  path_provider:
    :path: ".symlinks/plugins/path_provider/ios"
  permission_handler:
    :path: ".symlinks/plugins/permission_handler/ios"
  share:
    :path: ".symlinks/plugins/share/ios"
  sqflite:
    :path: ".symlinks/plugins/sqflite/ios"
  store_redirect:
    :path: ".symlinks/plugins/store_redirect/ios"

SPEC CHECKSUMS:
  Flutter: 0e3d915762c693b495b44d77113d4970485de6ec
  flutter_barcode_scanner: fc42adac0732eca7bd9d3d676b215bce5903f269
  flutter_local_notifications: 9e4738ce2471c5af910d961a6b7eadcf57c50186
  FMDB: 2ce00b547f966261cd18927a3ddb07cb6f3db82a
  notification_permissions: b74860c2967c1579243a675e63cd55e0ae75cef7
  open_file: 02eb5cb6b21264bd3a696876f5afbfb7ca4f4b7d
  path_provider: abfe2b5c733d04e238b0d8691db0cfd63a27a93c
  permission_handler: ccb20a9fad0ee9b1314a52b70b76b473c5f8dab0
  share: 0b2c3e82132f5888bccca3351c504d0003b3b410
  sqflite: 6d358c025f5b867b29ed92fc697fd34924e11904
  store_redirect: 2977747cf81689a39bd62c248c2deacb7a0d131e

PODFILE CHECKSUM: cb96c8018b6d777cb3a827bb4db91b95b6bfa44a

COCOAPODS: 1.11.2
